
Microsoft Visual Studio Solution File, Format Version 12.00
# Visual Studio Version 16
VisualStudioVersion = 16.0.33130.400
MinimumVisualStudioVersion = 10.0.40219.1
Project("{FAE04EC0-301F-11D3-BF4B-00C04F79EFBC}") = "Builder", "Builder\Builder.csproj", "{A5E1F5BA-3F1D-49E9-9B56-851D3BC0442A}"
EndProject
Global
	GlobalSection(SolutionConfigurationPlatforms) = preSolution
		Debug|Any CPU = Debug|Any CPU
		Release|Any CPU = Release|Any CPU
	EndGlobalSection
	GlobalSection(ProjectConfigurationPlatforms) = postSolution
		{A5E1F5BA-3F1D-49E9-9B56-851D3BC0442A}.Debug|Any CPU.ActiveCfg = Debug|Any CPU
		{A5E1F5BA-3F1D-49E9-9B56-851D3BC0442A}.Debug|Any CPU.Build.0 = Debug|Any CPU
		{A5E1F5BA-3F1D-49E9-9B56-851D3BC0442A}.Release|Any CPU.ActiveCfg = Release|Any CPU
		{A5E1F5BA-3F1D-49E9-9B56-851D3BC0442A}.Release|Any CPU.Build.0 = Release|Any CPU
	EndGlobalSection
	GlobalSection(SolutionProperties) = preSolution
		HideSolutionNode = FALSE
	EndGlobalSection
	GlobalSection(ExtensibilityGlobals) = postSolution
		SolutionGuid = {D4BF6EFD-1F94-434B-BB45-433B60221A62}
	EndGlobalSection
EndGlobal
